
Microsoft Visual Studio Solution File, Format Version 12.00
# Visual Studio Version 17
VisualStudioVersion = 17.12.35707.178
MinimumVisualStudioVersion = 10.0.40219.1
Project("{FAE04EC0-301F-11D3-BF4B-00C04F79EFBC}") = "WritersBlock.Server", "WritersBlock.Server\WritersBlock.Server.csproj", "{ADE6F250-C4FC-4EAA-840E-081A4225C5A1}"
EndProject
Project("{54A90642-561A-4BB1-A94E-469ADEE60C69}") = "WritersBlock.Client", "writersblock.client\WritersBlock.Client.esproj", "{9B1A8E4E-2933-4ABC-BA37-47E497B58033}"
EndProject
Global
	GlobalSection(SolutionConfigurationPlatforms) = preSolution
		Debug|Any CPU = Debug|Any CPU
		Release|Any CPU = Release|Any CPU
	EndGlobalSection
	GlobalSection(ProjectConfigurationPlatforms) = postSolution
		{ADE6F250-C4FC-4EAA-840E-081A4225C5A1}.Debug|Any CPU.ActiveCfg = Debug|Any CPU
		{ADE6F250-C4FC-4EAA-840E-081A4225C5A1}.Debug|Any CPU.Build.0 = Debug|Any CPU
		{ADE6F250-C4FC-4EAA-840E-081A4225C5A1}.Release|Any CPU.ActiveCfg = Release|Any CPU
		{ADE6F250-C4FC-4EAA-840E-081A4225C5A1}.Release|Any CPU.Build.0 = Release|Any CPU
		{9B1A8E4E-2933-4ABC-BA37-47E497B58033}.Debug|Any CPU.ActiveCfg = Debug|Any CPU
		{9B1A8E4E-2933-4ABC-BA37-47E497B58033}.Debug|Any CPU.Build.0 = Debug|Any CPU
		{9B1A8E4E-2933-4ABC-BA37-47E497B58033}.Debug|Any CPU.Deploy.0 = Debug|Any CPU
		{9B1A8E4E-2933-4ABC-BA37-47E497B58033}.Release|Any CPU.ActiveCfg = Release|Any CPU
		{9B1A8E4E-2933-4ABC-BA37-47E497B58033}.Release|Any CPU.Build.0 = Release|Any CPU
		{9B1A8E4E-2933-4ABC-BA37-47E497B58033}.Release|Any CPU.Deploy.0 = Release|Any CPU
	EndGlobalSection
	GlobalSection(SolutionProperties) = preSolution
		HideSolutionNode = FALSE
	EndGlobalSection
EndGlobal
